
Microsoft Visual Studio Solution File, Format Version 12.00
# Visual Studio Version 16
VisualStudioVersion = 16.0.32602.291
MinimumVisualStudioVersion = 10.0.40219.1
Project("{FAE04EC0-301F-11D3-BF4B-00C04F79EFBC}") = "Covid-19", "Covid-19\Covid-19.csproj", "{5CA203B8-923F-425B-859A-B386AE4562DA}"
EndProject
Global
	GlobalSection(SolutionConfigurationPlatforms) = preSolution
		Debug|Any CPU = Debug|Any CPU
		Release|Any CPU = Release|Any CPU
	EndGlobalSection
	GlobalSection(ProjectConfigurationPlatforms) = postSolution
		{5CA203B8-923F-425B-859A-B386AE4562DA}.Debug|Any CPU.ActiveCfg = Debug|Any CPU
		{5CA203B8-923F-425B-859A-B386AE4562DA}.Debug|Any CPU.Build.0 = Debug|Any CPU
		{5CA203B8-923F-425B-859A-B386AE4562DA}.Release|Any CPU.ActiveCfg = Release|Any CPU
		{5CA203B8-923F-425B-859A-B386AE4562DA}.Release|Any CPU.Build.0 = Release|Any CPU
	EndGlobalSection
	GlobalSection(SolutionProperties) = preSolution
		HideSolutionNode = FALSE
	EndGlobalSection
	GlobalSection(ExtensibilityGlobals) = postSolution
		SolutionGuid = {E581C560-81EB-4523-9DC1-8B2E7CE91E24}
	EndGlobalSection
EndGlobal
